
Microsoft Visual Studio Solution File, Format Version 12.00
# Visual Studio Version 16
VisualStudioVersion = 16.0.28803.202
MinimumVisualStudioVersion = 10.0.40219.1
Project("{FAE04EC0-301F-11D3-BF4B-00C04F79EFBC}") = "TDPS - Water Spill Machine", "TDPS - Water Spill Machine\TDPS - Water Spill Machine.csproj", "{471F25F8-4FF4-46F3-9BD9-2968364534CF}"
EndProject
Global
	GlobalSection(SolutionConfigurationPlatforms) = preSolution
		Debug|Any CPU = Debug|Any CPU
		Release|Any CPU = Release|Any CPU
	EndGlobalSection
	GlobalSection(ProjectConfigurationPlatforms) = postSolution
		{471F25F8-4FF4-46F3-9BD9-2968364534CF}.Debug|Any CPU.ActiveCfg = Debug|Any CPU
		{471F25F8-4FF4-46F3-9BD9-2968364534CF}.Debug|Any CPU.Build.0 = Debug|Any CPU
		{471F25F8-4FF4-46F3-9BD9-2968364534CF}.Release|Any CPU.ActiveCfg = Release|Any CPU
		{471F25F8-4FF4-46F3-9BD9-2968364534CF}.Release|Any CPU.Build.0 = Release|Any CPU
	EndGlobalSection
	GlobalSection(SolutionProperties) = preSolution
		HideSolutionNode = FALSE
	EndGlobalSection
	GlobalSection(ExtensibilityGlobals) = postSolution
		SolutionGuid = {C010BC1A-1F25-4DB3-9EB5-1824E70F78E4}
	EndGlobalSection
EndGlobal
